
Microsoft Visual Studio Solution File, Format Version 12.00
# Visual Studio Version 16
VisualStudioVersion = 16.0.30523.141
MinimumVisualStudioVersion = 10.0.40219.1
Project("{FAE04EC0-301F-11D3-BF4B-00C04F79EFBC}") = "geoprocessing_task_test", "geoprocessing_task_test.csproj", "{35E19BA4-6067-4789-99CB-28D217BFB46D}"
EndProject
Global
	GlobalSection(SolutionConfigurationPlatforms) = preSolution
		Debug|Any CPU = Debug|Any CPU
		Release|Any CPU = Release|Any CPU
	EndGlobalSection
	GlobalSection(ProjectConfigurationPlatforms) = postSolution
		{35E19BA4-6067-4789-99CB-28D217BFB46D}.Debug|Any CPU.ActiveCfg = Debug|Any CPU
		{35E19BA4-6067-4789-99CB-28D217BFB46D}.Debug|Any CPU.Build.0 = Debug|Any CPU
		{35E19BA4-6067-4789-99CB-28D217BFB46D}.Release|Any CPU.ActiveCfg = Release|Any CPU
		{35E19BA4-6067-4789-99CB-28D217BFB46D}.Release|Any CPU.Build.0 = Release|Any CPU
	EndGlobalSection
	GlobalSection(SolutionProperties) = preSolution
		HideSolutionNode = FALSE
	EndGlobalSection
	GlobalSection(ExtensibilityGlobals) = postSolution
		SolutionGuid = {0263FD81-B17E-4AC1-B6CB-F59264444C4F}
	EndGlobalSection
EndGlobal
